<?xml version="1.0" encoding="utf-8"?>
<Project ToolsVersion="4.0" xmlns="http://schemas.microsoft.com/developer/msbuild/2003">
  <ItemGroup>
    <Filter Include="Source Files">
      <UniqueIdentifier>{4FC737F1-C7A5-4376-A066-2A32D752A2FF}</UniqueIdentifier>
      <Extensions>cpp;c;cc;cxx;def;odl;idl;hpj;bat;asm;asmx</Extensions>
    </Filter>
    <Filter Include="Header Files">
      <UniqueIdentifier>{93995380-89BD-4b04-88EB-625FBE52EBFB}</UniqueIdentifier>
      <Extensions>h;hh;hpp;hxx;hm;inl;inc;xsd</Extensions>
    </Filter>
    <Filter Include="Resource Files">
      <UniqueIdentifier>{67DA6AB6-F800-4c08-8B7A-83BB121AAD01}</UniqueIdentifier>
      <Extensions>rc;ico;cur;bmp;dlg;rc2;rct;bin;rgs;gif;jpg;jpeg;jpe;resx;tiff;tif;png;wav;mfcribbon-ms</Extensions>
    </Filter>
    <Filter Include="Header Files\Definitions">
      <UniqueIdentifier>{4eee0d7d-1381-41d1-a7e7-50c0c20dac4c}</UniqueIdentifier>
    </Filter>
  </ItemGroup>
  <ItemGroup>
    <ClCompile Include="main.cpp">
      <Filter>Source Files</Filter>
    </ClCompile>
    <ClCompile Include="DefinitionLoader.cpp">
      <Filter>Source Files</Filter>
    </ClCompile>
    <ClCompile Include="Item.cpp">
      <Filter>Source Files</Filter>
    </ClCompile>
    <ClCompile Include="Player.cpp">
      <Filter>Source Files</Filter>
    </ClCompile>
    <ClCompile Include="Inventory.cpp">
      <Filter>Source Files</Filter>
    </ClCompile>
    <ClCompile Include="Skills.cpp">
      <Filter>Source Files</Filter>
    </ClCompile>
    <ClCompile Include="Equipment.cpp">
      <Filter>Source Files</Filter>
    </ClCompile>
    <ClCompile Include="Npc.cpp">
      <Filter>Source Files</Filter>
    </ClCompile>
    <ClCompile Include="PrayerBook.cpp">
      <Filter>Source Files</Filter>
    </ClCompile>
    <ClCompile Include="Aura.cpp">
      <Filter>Source Files</Filter>
    </ClCompile>
    <ClCompile Include="Prayer.cpp">
      <Filter>Source Files</Filter>
    </ClCompile>
    <ClCompile Include="MeleeFormulas.cpp">
      <Filter>Source Files</Filter>
    </ClCompile>
    <ClCompile Include="RangedFormulas.cpp">
      <Filter>Source Files</Filter>
    </ClCompile>
    <ClCompile Include="MagicFormulas.cpp">
      <Filter>Source Files</Filter>
    </ClCompile>
    <ClCompile Include="FormulaData.cpp">
      <Filter>Source Files</Filter>
    </ClCompile>
    <ClCompile Include="Combat.cpp">
      <Filter>Source Files</Filter>
    </ClCompile>
    <ClCompile Include="CombatInterface.cpp">
      <Filter>Source Files</Filter>
    </ClCompile>
    <ClCompile Include="CombatAssistant.cpp">
      <Filter>Source Files</Filter>
    </ClCompile>
    <ClCompile Include="SpellBook.cpp">
      <Filter>Source Files</Filter>
    </ClCompile>
    <ClCompile Include="Magic.cpp">
      <Filter>Source Files</Filter>
    </ClCompile>
    <ClCompile Include="Food.cpp">
      <Filter>Source Files</Filter>
    </ClCompile>
    <ClCompile Include="Potion.cpp">
      <Filter>Source Files</Filter>
    </ClCompile>
    <ClCompile Include="UseItem.cpp">
      <Filter>Source Files</Filter>
    </ClCompile>
    <ClCompile Include="Slayer.cpp">
      <Filter>Source Files</Filter>
    </ClCompile>
    <ClCompile Include="SlayerTask.cpp">
      <Filter>Source Files</Filter>
    </ClCompile>
    <ClCompile Include="Bank.cpp">
      <Filter>Source Files</Filter>
    </ClCompile>
    <ClCompile Include="Loot.cpp">
      <Filter>Source Files</Filter>
    </ClCompile>
    <ClCompile Include="Shop.cpp">
      <Filter>Source Files</Filter>
    </ClCompile>
    <ClCompile Include="Map.cpp">
      <Filter>Source Files</Filter>
    </ClCompile>
    <ClCompile Include="Cooking.cpp">
      <Filter>Source Files</Filter>
    </ClCompile>
    <ClCompile Include="Smithing.cpp">
      <Filter>Source Files</Filter>
    </ClCompile>
    <ClCompile Include="Fishing.cpp">
      <Filter>Source Files</Filter>
    </ClCompile>
    <ClCompile Include="Mining.cpp">
      <Filter>Source Files</Filter>
    </ClCompile>
    <ClCompile Include="Runecrafting.cpp">
      <Filter>Source Files</Filter>
    </ClCompile>
    <ClCompile Include="Woodcutting.cpp">
      <Filter>Source Files</Filter>
    </ClCompile>
    <ClCompile Include="Fletching.cpp">
      <Filter>Source Files</Filter>
    </ClCompile>
    <ClCompile Include="Crafting.cpp">
      <Filter>Source Files</Filter>
    </ClCompile>
    <ClCompile Include="Herblore.cpp">
      <Filter>Source Files</Filter>
    </ClCompile>
    <ClCompile Include="Tutorial.cpp">
      <Filter>Source Files</Filter>
    </ClCompile>
    <ClCompile Include="Game.cpp">
      <Filter>Source Files</Filter>
    </ClCompile>
    <ClCompile Include="Ground.cpp">
      <Filter>Source Files</Filter>
    </ClCompile>
    <ClCompile Include="SupplyCrate.cpp">
      <Filter>Source Files</Filter>
    </ClCompile>
    <ClCompile Include="Wintertodt.cpp">
      <Filter>Source Files</Filter>
    </ClCompile>
    <ClCompile Include="SetBonus.cpp">
      <Filter>Source Files</Filter>
    </ClCompile>
    <ClCompile Include="Barrows.cpp">
      <Filter>Source Files</Filter>
    </ClCompile>
  </ItemGroup>
  <ItemGroup>
    <ClInclude Include="EquipmentDefinition.h">
      <Filter>Header Files\Definitions</Filter>
    </ClInclude>
    <ClInclude Include="FoodDefinition.h">
      <Filter>Header Files\Definitions</Filter>
    </ClInclude>
    <ClInclude Include="ItemBonusDefinition.h">
      <Filter>Header Files\Definitions</Filter>
    </ClInclude>
    <ClInclude Include="ItemDefinition.h">
      <Filter>Header Files\Definitions</Filter>
    </ClInclude>
    <ClInclude Include="PotionDefinition.h">
      <Filter>Header Files\Definitions</Filter>
    </ClInclude>
    <ClInclude Include="WeaponDefinition.h">
      <Filter>Header Files\Definitions</Filter>
    </ClInclude>
    <ClInclude Include="DefinitionLoader.h">
      <Filter>Header Files</Filter>
    </ClInclude>
    <ClInclude Include="Item.h">
      <Filter>Header Files</Filter>
    </ClInclude>
    <ClInclude Include="Player.h">
      <Filter>Header Files</Filter>
    </ClInclude>
    <ClInclude Include="Inventory.h">
      <Filter>Header Files</Filter>
    </ClInclude>
    <ClInclude Include="Skills.h">
      <Filter>Header Files</Filter>
    </ClInclude>
    <ClInclude Include="Equipment.h">
      <Filter>Header Files</Filter>
    </ClInclude>
    <ClInclude Include="RangedDefinition.h">
      <Filter>Header Files\Definitions</Filter>
    </ClInclude>
    <ClInclude Include="NpcDefinition.h">
      <Filter>Header Files\Definitions</Filter>
    </ClInclude>
    <ClInclude Include="Npc.h">
      <Filter>Header Files</Filter>
    </ClInclude>
    <ClInclude Include="PrayerBook.h">
      <Filter>Header Files</Filter>
    </ClInclude>
    <ClInclude Include="Aura.h">
      <Filter>Header Files</Filter>
    </ClInclude>
    <ClInclude Include="Prayer.h">
      <Filter>Header Files</Filter>
    </ClInclude>
    <ClInclude Include="MeleeFormulas.h">
      <Filter>Header Files</Filter>
    </ClInclude>
    <ClInclude Include="RangedFormulas.h">
      <Filter>Header Files</Filter>
    </ClInclude>
    <ClInclude Include="MagicFormulas.h">
      <Filter>Header Files</Filter>
    </ClInclude>
    <ClInclude Include="FormulaData.h">
      <Filter>Header Files</Filter>
    </ClInclude>
    <ClInclude Include="Combat.h">
      <Filter>Header Files</Filter>
    </ClInclude>
    <ClInclude Include="CombatInterface.h">
      <Filter>Header Files</Filter>
    </ClInclude>
    <ClInclude Include="CombatAssistant.h">
      <Filter>Header Files</Filter>
    </ClInclude>
    <ClInclude Include="SpellBook.h">
      <Filter>Header Files</Filter>
    </ClInclude>
    <ClInclude Include="Magic.h">
      <Filter>Header Files</Filter>
    </ClInclude>
    <ClInclude Include="Food.h">
      <Filter>Header Files</Filter>
    </ClInclude>
    <ClInclude Include="Potion.h">
      <Filter>Header Files</Filter>
    </ClInclude>
    <ClInclude Include="UseItem.h">
      <Filter>Header Files</Filter>
    </ClInclude>
    <ClInclude Include="Slayer.h">
      <Filter>Header Files</Filter>
    </ClInclude>
    <ClInclude Include="SlayerTask.h">
      <Filter>Header Files</Filter>
    </ClInclude>
    <ClInclude Include="Bank.h">
      <Filter>Header Files</Filter>
    </ClInclude>
    <ClInclude Include="ShopDefinition.h">
      <Filter>Header Files\Definitions</Filter>
    </ClInclude>
    <ClInclude Include="LootDefinition.h">
      <Filter>Header Files\Definitions</Filter>
    </ClInclude>
    <ClInclude Include="DropDefinition.h">
      <Filter>Header Files\Definitions</Filter>
    </ClInclude>
    <ClInclude Include="Loot.h">
      <Filter>Header Files</Filter>
    </ClInclude>
    <ClInclude Include="Shop.h">
      <Filter>Header Files</Filter>
    </ClInclude>
    <ClInclude Include="Map.h">
      <Filter>Header Files</Filter>
    </ClInclude>
    <ClInclude Include="DungeonDefinition.h">
      <Filter>Header Files\Definitions</Filter>
    </ClInclude>
    <ClInclude Include="CityDefinition.h">
      <Filter>Header Files\Definitions</Filter>
    </ClInclude>
    <ClInclude Include="Cooking.h">
      <Filter>Header Files</Filter>
    </ClInclude>
    <ClInclude Include="Smithing.h">
      <Filter>Header Files</Filter>
    </ClInclude>
    <ClInclude Include="Fishing.h">
      <Filter>Header Files</Filter>
    </ClInclude>
    <ClInclude Include="Mining.h">
      <Filter>Header Files</Filter>
    </ClInclude>
    <ClInclude Include="Runecrafting.h">
      <Filter>Header Files</Filter>
    </ClInclude>
    <ClInclude Include="Woodcutting.h">
      <Filter>Header Files</Filter>
    </ClInclude>
    <ClInclude Include="Fletching.h">
      <Filter>Header Files</Filter>
    </ClInclude>
    <ClInclude Include="Crafting.h">
      <Filter>Header Files</Filter>
    </ClInclude>
    <ClInclude Include="Herblore.h">
      <Filter>Header Files</Filter>
    </ClInclude>
    <ClInclude Include="Tutorial.h">
      <Filter>Header Files</Filter>
    </ClInclude>
    <ClInclude Include="Game.h">
      <Filter>Header Files</Filter>
    </ClInclude>
    <ClInclude Include="Ground.h">
      <Filter>Header Files</Filter>
    </ClInclude>
    <ClInclude Include="SupplyCrate.h">
      <Filter>Header Files</Filter>
    </ClInclude>
    <ClInclude Include="Wintertodt.h">
      <Filter>Header Files</Filter>
    </ClInclude>
    <ClInclude Include="SetBonus.h">
      <Filter>Header Files</Filter>
    </ClInclude>
    <ClInclude Include="Barrows.h">
      <Filter>Header Files</Filter>
    </ClInclude>
  </ItemGroup>
</Project>